<?xml version="1.0" encoding="utf-8"?>
<Project ToolsVersion="4.0" xmlns="http://schemas.microsoft.com/developer/msbuild/2003">
  <ItemGroup>
    <Filter Include="Source Files">
      <UniqueIdentifier>{4FC737F1-C7A5-4376-A066-2A32D752A2FF}</UniqueIdentifier>
      <Extensions>cpp;c;cc;cxx;c++;cppm;ixx;def;odl;idl;hpj;bat;asm;asmx</Extensions>
    </Filter>
    <Filter Include="Header Files">
      <UniqueIdentifier>{93995380-89BD-4b04-88EB-625FBE52EBFB}</UniqueIdentifier>
      <Extensions>h;hh;hpp;hxx;h++;hm;inl;inc;ipp;xsd</Extensions>
    </Filter>
    <Filter Include="Resource Files">
      <UniqueIdentifier>{67DA6AB6-F800-4c08-8B7A-83BB121AAD01}</UniqueIdentifier>
      <Extensions>rc;ico;cur;bmp;dlg;rc2;rct;bin;rgs;gif;jpg;jpeg;jpe;resx;tiff;tif;png;wav;mfcribbon-ms</Extensions>
    </Filter>
  </ItemGroup>
  <ItemGroup>
    <ClCompile Include="Sources\ChessBoard.cpp">
      <Filter>Source Files</Filter>
    </ClCompile>
    <ClCompile Include="Sources\GenericAI.cpp">
      <Filter>Source Files</Filter>
    </ClCompile>
    <ClCompile Include="Sources\MinMaxAI.cpp">
      <Filter>Source Files</Filter>
    </ClCompile>
    <ClCompile Include="Sources\Array.cpp">
      <Filter>Source Files</Filter>
    </ClCompile>
    <ClCompile Include="Sources\JavaIO\JavaTokenIO.cpp">
      <Filter>Source Files</Filter>
    </ClCompile>
    <ClCompile Include="Sources\Executable\FerChessAI.cpp">
      <Filter>Source Files</Filter>
    </ClCompile>
    <ClCompile Include="Sources\Executable\JavaAgent.cpp">
      <Filter>Source Files</Filter>
    </ClCompile>
    <ClCompile Include="Sources\NeuNet\Node.cpp">
      <Filter>Source Files</Filter>
    </ClCompile>
    <ClCompile Include="Sources\NeuNet\Network.cpp">
      <Filter>Source Files</Filter>
    </ClCompile>
    <ClCompile Include="Sources\NeuNet\Dna.cpp">
      <Filter>Source Files</Filter>
    </ClCompile>
    <ClCompile Include="Sources\NeuNet\NeuNetAI.cpp">
      <Filter>Source Files</Filter>
    </ClCompile>
    <ClCompile Include="Sources\Executable\BasicFullAiEvo.cpp">
      <Filter>Source Files</Filter>
    </ClCompile>
    <ClCompile Include="Sources\Executable\ReinforcementEvo.cpp">
      <Filter>Source Files</Filter>
    </ClCompile>
  </ItemGroup>
  <ItemGroup>
    <ClInclude Include="Sources\ChessBoard.h">
      <Filter>Header Files</Filter>
    </ClInclude>
    <ClInclude Include="Sources\GenericAI.h">
      <Filter>Header Files</Filter>
    </ClInclude>
    <ClInclude Include="Sources\MinMaxAI.h">
      <Filter>Header Files</Filter>
    </ClInclude>
    <ClInclude Include="Sources\Array.h">
      <Filter>Header Files</Filter>
    </ClInclude>
    <ClInclude Include="Sources\StdH.h">
      <Filter>Header Files</Filter>
    </ClInclude>
    <ClInclude Include="Sources\Math.h">
      <Filter>Header Files</Filter>
    </ClInclude>
    <ClInclude Include="Sources\JavaIO\JavaTokenIO.h">
      <Filter>Header Files</Filter>
    </ClInclude>
    <ClInclude Include="Sources\Executable\MainSwitch.h">
      <Filter>Header Files</Filter>
    </ClInclude>
    <ClInclude Include="Sources\NeuNet\Node.h">
      <Filter>Header Files</Filter>
    </ClInclude>
    <ClInclude Include="Sources\NeuNet\Network.h">
      <Filter>Header Files</Filter>
    </ClInclude>
    <ClInclude Include="Sources\NeuNet\Dna.h">
      <Filter>Header Files</Filter>
    </ClInclude>
    <ClInclude Include="Sources\NeuNet\NeuNetAI.h">
      <Filter>Header Files</Filter>
    </ClInclude>
  </ItemGroup>
</Project>